
Microsoft Visual Studio Solution File, Format Version 12.00
# Visual Studio Version 16
VisualStudioVersion = 16.0.29319.158
MinimumVisualStudioVersion = 10.0.40219.1
Project("{9A19103F-16F7-4668-BE54-9A1E7A4F7556}") = "Minesweeper", "Minesweeper\Minesweeper.csproj", "{4269D46F-4064-4CB5-AF1F-EFDE24F5EDD3}"
EndProject
Project("{9A19103F-16F7-4668-BE54-9A1E7A4F7556}") = "Minesweeper.Tests", "Minesweeper.Tests\Minesweeper.Tests.csproj", "{C7A89757-6F2A-43EB-9FAC-D20B5EC76F65}"
EndProject
Global
	GlobalSection(SolutionConfigurationPlatforms) = preSolution
		Debug|Any CPU = Debug|Any CPU
		Release|Any CPU = Release|Any CPU
	EndGlobalSection
	GlobalSection(ProjectConfigurationPlatforms) = postSolution
		{4269D46F-4064-4CB5-AF1F-EFDE24F5EDD3}.Debug|Any CPU.ActiveCfg = Debug|Any CPU
		{4269D46F-4064-4CB5-AF1F-EFDE24F5EDD3}.Debug|Any CPU.Build.0 = Debug|Any CPU
		{4269D46F-4064-4CB5-AF1F-EFDE24F5EDD3}.Release|Any CPU.ActiveCfg = Release|Any CPU
		{4269D46F-4064-4CB5-AF1F-EFDE24F5EDD3}.Release|Any CPU.Build.0 = Release|Any CPU
		{C7A89757-6F2A-43EB-9FAC-D20B5EC76F65}.Debug|Any CPU.ActiveCfg = Debug|Any CPU
		{C7A89757-6F2A-43EB-9FAC-D20B5EC76F65}.Debug|Any CPU.Build.0 = Debug|Any CPU
		{C7A89757-6F2A-43EB-9FAC-D20B5EC76F65}.Release|Any CPU.ActiveCfg = Release|Any CPU
		{C7A89757-6F2A-43EB-9FAC-D20B5EC76F65}.Release|Any CPU.Build.0 = Release|Any CPU
	EndGlobalSection
	GlobalSection(SolutionProperties) = preSolution
		HideSolutionNode = FALSE
	EndGlobalSection
	GlobalSection(ExtensibilityGlobals) = postSolution
		SolutionGuid = {341D7D69-360E-4E62-8B2F-E51737C76215}
	EndGlobalSection
EndGlobal
